{
  "name": "catchook",
  "lockfileVersion": 3,
  "requires": true,
  "packages": {
    "": {
      "dependencies": {
        "@tanstack/react-form": "^1.15.3",
        "@tanstack/react-query": "^5.84.1",
        "@tanstack/react-table": "^8.21.3"
      }
    },
    "node_modules/@tanstack/form-core": {
      "version": "1.15.1",
      "resolved": "https://registry.npmjs.org/@tanstack/form-core/-/form-core-1.15.1.tgz",
      "integrity": "sha512-Z8+29KhaGko5VSmnt0iUpB7wlFqOsLCSL3EhC2F/xm/qMq6BzR0yJVpeunN8pwfnlVnkUAO7I8yxT9VS/7ncBA==",
      "license": "MIT",
      "dependencies": {
        "@tanstack/store": "^0.7.2"
      },
      "funding": {
        "type": "github",
        "url": "https://github.com/sponsors/tannerlinsley"
      }
    },
    "node_modules/@tanstack/query-core": {
      "version": "5.83.1",
      "resolved": "https://registry.npmjs.org/@tanstack/query-core/-/query-core-5.83.1.tgz",
      "integrity": "sha512-OG69LQgT7jSp+5pPuCfzltq/+7l2xoweggjme9vlbCPa/d7D7zaqv5vN/S82SzSYZ4EDLTxNO1PWrv49RAS64Q==",
      "license": "MIT",
      "funding": {
        "type": "github",
        "url": "https://github.com/sponsors/tannerlinsley"
      }
    },
    "node_modules/@tanstack/react-form": {
      "version": "1.15.3",
      "resolved": "https://registry.npmjs.org/@tanstack/react-form/-/react-form-1.15.3.tgz",
      "integrity": "sha512-NXON4JcTrGDnNxZNEbJ07pR1Egd8AFw7HB7I15JsxYGBJAKbWUu5SIiln7BaLHbcbaXtFTu/SlTAZhGM3u38rg==",
      "license": "MIT",
      "dependencies": {
        "@tanstack/form-core": "1.15.1",
        "@tanstack/react-store": "^0.7.3",
        "decode-formdata": "^0.9.0",
        "devalue": "^5.1.1"
      },
      "funding": {
        "type": "github",
        "url": "https://github.com/sponsors/tannerlinsley"
      },
      "peerDependencies": {
        "@tanstack/react-start": "^1.112.0",
        "react": "^17.0.0 || ^18.0.0 || ^19.0.0",
        "vinxi": "^0.5.0"
      },
      "peerDependenciesMeta": {
        "@tanstack/react-start": {
          "optional": true
        },
        "vinxi": {
          "optional": true
        }
      }
    },
    "node_modules/@tanstack/react-query": {
      "version": "5.84.1",
      "resolved": "https://registry.npmjs.org/@tanstack/react-query/-/react-query-5.84.1.tgz",
      "integrity": "sha512-zo7EUygcWJMQfFNWDSG7CBhy8irje/XY0RDVKKV4IQJAysb+ZJkkJPcnQi+KboyGUgT+SQebRFoTqLuTtfoDLw==",
      "license": "MIT",
      "dependencies": {
        "@tanstack/query-core": "5.83.1"
      },
      "funding": {
        "type": "github",
        "url": "https://github.com/sponsors/tannerlinsley"
      },
      "peerDependencies": {
        "react": "^18 || ^19"
      }
    },
    "node_modules/@tanstack/react-store": {
      "version": "0.7.3",
      "resolved": "https://registry.npmjs.org/@tanstack/react-store/-/react-store-0.7.3.tgz",
      "integrity": "sha512-3Dnqtbw9P2P0gw8uUM8WP2fFfg8XMDSZCTsywRPZe/XqqYW8PGkXKZTvP0AHkE4mpqP9Y43GpOg9vwO44azu6Q==",
      "license": "MIT",
      "dependencies": {
        "@tanstack/store": "0.7.2",
        "use-sync-external-store": "^1.5.0"
      },
      "funding": {
        "type": "github",
        "url": "https://github.com/sponsors/tannerlinsley"
      },
      "peerDependencies": {
        "react": "^16.8.0 || ^17.0.0 || ^18.0.0 || ^19.0.0",
        "react-dom": "^16.8.0 || ^17.0.0 || ^18.0.0 || ^19.0.0"
      }
    },
    "node_modules/@tanstack/react-table": {
      "version": "8.21.3",
      "resolved": "https://registry.npmjs.org/@tanstack/react-table/-/react-table-8.21.3.tgz",
      "integrity": "sha512-5nNMTSETP4ykGegmVkhjcS8tTLW6Vl4axfEGQN3v0zdHYbK4UfoqfPChclTrJ4EoK9QynqAu9oUf8VEmrpZ5Ww==",
      "license": "MIT",
      "dependencies": {
        "@tanstack/table-core": "8.21.3"
      },
      "engines": {
        "node": ">=12"
      },
      "funding": {
        "type": "github",
        "url": "https://github.com/sponsors/tannerlinsley"
      },
      "peerDependencies": {
        "react": ">=16.8",
        "react-dom": ">=16.8"
      }
    },
    "node_modules/@tanstack/store": {
      "version": "0.7.2",
      "resolved": "https://registry.npmjs.org/@tanstack/store/-/store-0.7.2.tgz",
      "integrity": "sha512-RP80Z30BYiPX2Pyo0Nyw4s1SJFH2jyM6f9i3HfX4pA+gm5jsnYryscdq2aIQLnL4TaGuQMO+zXmN9nh1Qck+Pg==",
      "license": "MIT",
      "funding": {
        "type": "github",
        "url": "https://github.com/sponsors/tannerlinsley"
      }
    },
    "node_modules/@tanstack/table-core": {
      "version": "8.21.3",
      "resolved": "https://registry.npmjs.org/@tanstack/table-core/-/table-core-8.21.3.tgz",
      "integrity": "sha512-ldZXEhOBb8Is7xLs01fR3YEc3DERiz5silj8tnGkFZytt1abEvl/GhUmCE0PMLaMPTa3Jk4HbKmRlHmu+gCftg==",
      "license": "MIT",
      "engines": {
        "node": ">=12"
      },
      "funding": {
        "type": "github",
        "url": "https://github.com/sponsors/tannerlinsley"
      }
    },
    "node_modules/decode-formdata": {
      "version": "0.9.0",
      "resolved": "https://registry.npmjs.org/decode-formdata/-/decode-formdata-0.9.0.tgz",
      "integrity": "sha512-q5uwOjR3Um5YD+ZWPOF/1sGHVW9A5rCrRwITQChRXlmPkxDFBqCm4jNTIVdGHNH9OnR+V9MoZVgRhsFb+ARbUw==",
      "license": "MIT"
    },
    "node_modules/devalue": {
      "version": "5.1.1",
      "resolved": "https://registry.npmjs.org/devalue/-/devalue-5.1.1.tgz",
      "integrity": "sha512-maua5KUiapvEwiEAe+XnlZ3Rh0GD+qI1J/nb9vrJc3muPXvcF/8gXYTWF76+5DAqHyDUtOIImEuo0YKE9mshVw==",
      "license": "MIT"
    },
    "node_modules/react": {
      "version": "19.1.1",
      "resolved": "https://registry.npmjs.org/react/-/react-19.1.1.tgz",
      "integrity": "sha512-w8nqGImo45dmMIfljjMwOGtbmC/mk4CMYhWIicdSflH91J9TyCyczcPFXJzrZ/ZXcgGRFeP6BU0BEJTw6tZdfQ==",
      "license": "MIT",
      "peer": true,
      "engines": {
        "node": ">=0.10.0"
      }
    },
    "node_modules/react-dom": {
      "version": "19.1.1",
      "resolved": "https://registry.npmjs.org/react-dom/-/react-dom-19.1.1.tgz",
      "integrity": "sha512-Dlq/5LAZgF0Gaz6yiqZCf6VCcZs1ghAJyrsu84Q/GT0gV+mCxbfmKNoGRKBYMJ8IEdGPqu49YWXD02GCknEDkw==",
      "license": "MIT",
      "peer": true,
      "dependencies": {
        "scheduler": "^0.26.0"
      },
      "peerDependencies": {
        "react": "^19.1.1"
      }
    },
    "node_modules/scheduler": {
      "version": "0.26.0",
      "resolved": "https://registry.npmjs.org/scheduler/-/scheduler-0.26.0.tgz",
      "integrity": "sha512-NlHwttCI/l5gCPR3D1nNXtWABUmBwvZpEQiD4IXSbIDq8BzLIK/7Ir5gTFSGZDUu37K5cMNp0hFtzO38sC7gWA==",
      "license": "MIT",
      "peer": true
    },
    "node_modules/use-sync-external-store": {
      "version": "1.5.0",
      "resolved": "https://registry.npmjs.org/use-sync-external-store/-/use-sync-external-store-1.5.0.tgz",
      "integrity": "sha512-Rb46I4cGGVBmjamjphe8L/UnvJD+uPPtTkNvX5mZgqdbavhI4EbgIWJiIHXJ8bc/i9EQGPRh4DwEURJ552Do0A==",
      "license": "MIT",
      "peerDependencies": {
        "react": "^16.8.0 || ^17.0.0 || ^18.0.0 || ^19.0.0"
      }
    }
  }
}
